
Microsoft Visual Studio Solution File, Format Version 12.00
# Visual Studio Version 17
VisualStudioVersion = 17.0.31903.59
MinimumVisualStudioVersion = 10.0.40219.1
Project("{9A19103F-16F7-4668-BE54-9A1E7A4F7556}") = "GestioneSagre.Authentication.Web.Api.Public", "src\GestioneSagre.Authentication.Web.Api.Public\GestioneSagre.Authentication.Web.Api.Public.csproj", "{D296B4C4-056A-42E8-86E6-D477FCC06359}"
EndProject
Project("{9A19103F-16F7-4668-BE54-9A1E7A4F7556}") = "GestioneSagre.Categories.Web.Api.Public", "src\GestioneSagre.Categories.Web.Api.Public\GestioneSagre.Categories.Web.Api.Public.csproj", "{1CFA83C7-CECA-4148-834E-00416A21AC63}"
EndProject
Project("{9A19103F-16F7-4668-BE54-9A1E7A4F7556}") = "GestioneSagre.Products.Web.Api.Public", "src\GestioneSagre.Products.Web.Api.Public\GestioneSagre.Products.Web.Api.Public.csproj", "{96F4977E-66A6-4F1C-ABAF-4702FD66807B}"
EndProject
Project("{9A19103F-16F7-4668-BE54-9A1E7A4F7556}") = "GestioneSagre.Receipts.Web.Api.Public", "src\GestioneSagre.Receipts.Web.Api.Public\GestioneSagre.Receipts.Web.Api.Public.csproj", "{1700BA33-7613-48A1-BAC7-C3D0A5910D55}"
EndProject
Project("{9A19103F-16F7-4668-BE54-9A1E7A4F7556}") = "GestioneSagre.Reservations.Web.Api.Public", "src\GestioneSagre.Reservations.Web.Api.Public\GestioneSagre.Reservations.Web.Api.Public.csproj", "{7D06786C-9B0D-41B6-8E1B-DFFDFAADEF9A}"
EndProject
Project("{9A19103F-16F7-4668-BE54-9A1E7A4F7556}") = "GestioneSagre.Versions.Web.Api.Public", "src\GestioneSagre.Versions.Web.Api.Public\GestioneSagre.Versions.Web.Api.Public.csproj", "{71BE00E6-5615-4E06-AF6F-5EE6F53CD46B}"
EndProject
Project("{9A19103F-16F7-4668-BE54-9A1E7A4F7556}") = "GestioneSagre.Web.App", "src\GestioneSagre.Web.App\GestioneSagre.Web.App.csproj", "{67FC298B-0EE5-48CA-81EF-1F26AFAA4360}"
EndProject
Project("{2150E333-8FDC-42A3-9474-1A3956D46DE8}") = "Bounded Contexts", "Bounded Contexts", "{1573E590-B55A-42B5-BADA-E3828643CA4B}"
EndProject
Project("{2150E333-8FDC-42A3-9474-1A3956D46DE8}") = "Categorie", "Categorie", "{1ED42AAA-9DD7-4B23-A980-6A54D9105B4C}"
EndProject
Project("{2150E333-8FDC-42A3-9474-1A3956D46DE8}") = "Prodotti", "Prodotti", "{60B4373D-1225-4D14-991D-8BFEF859F5E6}"
EndProject
Project("{2150E333-8FDC-42A3-9474-1A3956D46DE8}") = "Sicurezza", "Sicurezza", "{1C1F4ECF-7428-40FF-9A18-A349E9FFCF52}"
EndProject
Project("{2150E333-8FDC-42A3-9474-1A3956D46DE8}") = "Versioni", "Versioni", "{87F3685D-5888-43F0-9FE5-3F4CE0326C35}"
EndProject
Project("{2150E333-8FDC-42A3-9474-1A3956D46DE8}") = "Scontrini", "Scontrini", "{29581EFB-669D-4816-8735-DA936A15685F}"
EndProject
Project("{2150E333-8FDC-42A3-9474-1A3956D46DE8}") = "Prenotazioni", "Prenotazioni", "{9FE4840D-AB44-461A-8380-EF252883313B}"
EndProject
Project("{2150E333-8FDC-42A3-9474-1A3956D46DE8}") = "API", "API", "{42FBB9F5-1AAE-44DE-A40C-841380895763}"
EndProject
Project("{2150E333-8FDC-42A3-9474-1A3956D46DE8}") = "API", "API", "{39F8260B-D131-4CC6-A14A-F09779545C1E}"
EndProject
Project("{2150E333-8FDC-42A3-9474-1A3956D46DE8}") = "API", "API", "{8D9CF6C9-0159-4851-BCD1-16FF8421E6DF}"
EndProject
Project("{2150E333-8FDC-42A3-9474-1A3956D46DE8}") = "API", "API", "{8E6DA466-10C1-4C7C-B663-A16A3A9C18A1}"
EndProject
Project("{2150E333-8FDC-42A3-9474-1A3956D46DE8}") = "API", "API", "{BB8AA6A4-4466-4873-A3B9-3B5462F4BD2D}"
EndProject
Project("{2150E333-8FDC-42A3-9474-1A3956D46DE8}") = "API", "API", "{2E8CFB00-98A8-4716-9E5A-8465F869000D}"
EndProject
Project("{2150E333-8FDC-42A3-9474-1A3956D46DE8}") = "Utility", "Utility", "{683F70CE-CBE8-4B0E-B3DD-F340122F82B0}"
EndProject
Project("{2150E333-8FDC-42A3-9474-1A3956D46DE8}") = "API", "API", "{BB936311-DBF4-4956-BD06-393BF34BCEA7}"
EndProject
Project("{9A19103F-16F7-4668-BE54-9A1E7A4F7556}") = "GestioneSagre.Utility.Web.Api.Public", "src\GestioneSagre.Utility.Web.Api.Public\GestioneSagre.Utility.Web.Api.Public.csproj", "{397120CA-B5EF-4A49-AA21-15BBAEC09B67}"
EndProject
Project("{9A19103F-16F7-4668-BE54-9A1E7A4F7556}") = "GestioneSagre.Utility.CommandStack", "src\GestioneSagre.Utility.CommandStack\GestioneSagre.Utility.CommandStack.csproj", "{F301D670-F774-4F35-AFD1-0D0F7684728E}"
EndProject
Project("{9A19103F-16F7-4668-BE54-9A1E7A4F7556}") = "GestioneSagre.Utility.QueryStack", "src\GestioneSagre.Utility.QueryStack\GestioneSagre.Utility.QueryStack.csproj", "{7907DD5E-8FF2-4662-B413-3B400315DC72}"
EndProject
Project("{9A19103F-16F7-4668-BE54-9A1E7A4F7556}") = "GestioneSagre.Utility.Domain", "src\GestioneSagre.Utility.Domain\GestioneSagre.Utility.Domain.csproj", "{4E3CBD7F-E270-4E00-A6EC-B05C2C7C1347}"
EndProject
Project("{9A19103F-16F7-4668-BE54-9A1E7A4F7556}") = "GestioneSagre.Utility.Infrastructure", "src\GestioneSagre.Utility.Infrastructure\GestioneSagre.Utility.Infrastructure.csproj", "{FF3C4A26-8D09-43FA-A0F0-FCF8EFF31995}"
EndProject
Project("{2150E333-8FDC-42A3-9474-1A3956D46DE8}") = "Menu", "Menu", "{90171995-D991-47E2-9F72-F6F7C6BA395A}"
EndProject
Project("{2150E333-8FDC-42A3-9474-1A3956D46DE8}") = "MovimentiCassa", "MovimentiCassa", "{C84DFA66-AEC1-4037-AD9B-566234665A4A}"
EndProject
Project("{2150E333-8FDC-42A3-9474-1A3956D46DE8}") = "Stampe", "Stampe", "{C01040F7-F1C4-4564-9466-1D55B127D3C7}"
EndProject
Project("{2150E333-8FDC-42A3-9474-1A3956D46DE8}") = "Statistiche", "Statistiche", "{32A4ADC3-597C-4F0E-A369-525D3D917058}"
EndProject
Project("{2150E333-8FDC-42A3-9474-1A3956D46DE8}") = "OperazioniAvvio", "OperazioniAvvio", "{5FB3E828-2242-4B87-991E-36697033B82C}"
EndProject
Project("{2150E333-8FDC-42A3-9474-1A3956D46DE8}") = "API", "API", "{CD801DB9-4209-47AB-A948-056E784B18B4}"
EndProject
Project("{2150E333-8FDC-42A3-9474-1A3956D46DE8}") = "API", "API", "{C4B8C63F-73C2-4ED2-9D98-8728E26AF159}"
EndProject
Project("{2150E333-8FDC-42A3-9474-1A3956D46DE8}") = "API", "API", "{54CA85B1-B22D-4AC5-A356-6938408A6603}"
EndProject
Project("{2150E333-8FDC-42A3-9474-1A3956D46DE8}") = "API", "API", "{0A26DF8F-20FE-43C7-813B-72BB8D7A765E}"
EndProject
Project("{2150E333-8FDC-42A3-9474-1A3956D46DE8}") = "API", "API", "{E46E815E-F6EA-4F53-9CAA-0D473787C0F8}"
EndProject
Project("{9A19103F-16F7-4668-BE54-9A1E7A4F7556}") = "GestioneSagre.Menu.Web.Api.Public", "src\GestioneSagre.Menu.Web.Api.Public\GestioneSagre.Menu.Web.Api.Public.csproj", "{C9DA7E6F-BE91-417C-BE16-153B3891E713}"
EndProject
Project("{9A19103F-16F7-4668-BE54-9A1E7A4F7556}") = "GestioneSagre.CashMovements.Web.Api.Public", "src\GestioneSagre.CashMovements.Web.Api.Public\GestioneSagre.CashMovements.Web.Api.Public.csproj", "{36828CDD-AC81-4DFC-B845-66B86BBF4104}"
EndProject
Project("{9A19103F-16F7-4668-BE54-9A1E7A4F7556}") = "GestioneSagre.BootOperations.Web.Api.Public", "src\GestioneSagre.BootOperations.Web.Api.Public\GestioneSagre.BootOperations.Web.Api.Public.csproj", "{6472EEEA-36B1-4FE5-99DD-E069716BD6DD}"
EndProject
Project("{9A19103F-16F7-4668-BE54-9A1E7A4F7556}") = "GestioneSagre.Prints.Web.Api.Public", "src\GestioneSagre.Prints.Web.Api.Public\GestioneSagre.Prints.Web.Api.Public.csproj", "{42930606-7B9B-407A-B091-12D4F66AFD1E}"
EndProject
Project("{9A19103F-16F7-4668-BE54-9A1E7A4F7556}") = "GestioneSagre.Statistics.Web.Api.Public", "src\GestioneSagre.Statistics.Web.Api.Public\GestioneSagre.Statistics.Web.Api.Public.csproj", "{660B9872-C712-4940-865F-7AA7B629AECD}"
EndProject
Project("{9A19103F-16F7-4668-BE54-9A1E7A4F7556}") = "GestioneSagre.Utility.Business", "src\GestioneSagre.Utility.Business\GestioneSagre.Utility.Business.csproj", "{9466D9DD-91AD-45F7-9FDE-CAF5BF9B509B}"
EndProject
Project("{9A19103F-16F7-4668-BE54-9A1E7A4F7556}") = "GestioneSagre.Web", "src\GestioneSagre.Web\GestioneSagre.Web.csproj", "{C5E5AA1F-772E-4BD8-B2DE-51E5E866E43E}"
EndProject
Project("{2150E333-8FDC-42A3-9474-1A3956D46DE8}") = "Elementi di soluzione", "Elementi di soluzione", "{BB7460B3-5534-4D56-8552-88E95A0B574C}"
	ProjectSection(SolutionItems) = preProject
		.editorconfig = .editorconfig
		App-Ports.txt = App-Ports.txt
		LICENSE = LICENSE
		README.md = README.md
	EndProjectSection
EndProject
Project("{9A19103F-16F7-4668-BE54-9A1E7A4F7556}") = "GestioneSagre.Shared", "src\GestioneSagre.Shared\GestioneSagre.Shared.csproj", "{9090A044-F357-453D-A0F6-177C86BCBB4C}"
EndProject
Project("{9A19103F-16F7-4668-BE54-9A1E7A4F7556}") = "GestioneSagre.Utility.WorkerServices", "src\GestioneSagre.Utility.WorkerServices\GestioneSagre.Utility.WorkerServices.csproj", "{FB3A9C98-0E3D-4ED7-AD29-0CF35637B89A}"
EndProject
Project("{2150E333-8FDC-42A3-9474-1A3956D46DE8}") = "Tools", "Tools", "{A6C8E487-7168-4889-A659-4C78ED49B0C9}"
EndProject
Project("{9A19103F-16F7-4668-BE54-9A1E7A4F7556}") = "GestioneSagre.Utility.Web.Api.Internal", "src\GestioneSagre.Utility.Web.Api.Internal\GestioneSagre.Utility.Web.Api.Internal.csproj", "{50E08F3C-D276-4D4B-A341-EA50B5CECA37}"
EndProject
Project("{9A19103F-16F7-4668-BE54-9A1E7A4F7556}") = "GestioneSagre.Tools.MailKit", "src\GestioneSagre.Tools.MailKit\GestioneSagre.Tools.MailKit.csproj", "{6787E2AC-0177-4BCF-8526-C877AF7D5E50}"
EndProject
Project("{9A19103F-16F7-4668-BE54-9A1E7A4F7556}") = "GestioneSagre.Tools.RabbitMQ", "src\GestioneSagre.Tools.RabbitMQ\GestioneSagre.Tools.RabbitMQ.csproj", "{A418A495-DA37-4162-A175-A9E885A9C8A8}"
EndProject
Project("{9A19103F-16F7-4668-BE54-9A1E7A4F7556}") = "GestioneSagre.Utility.Core", "src\GestioneSagre.Utility.Core\GestioneSagre.Utility.Core.csproj", "{33D7DF04-F829-4C07-8008-BF9380C7369A}"
EndProject
Global
	GlobalSection(SolutionConfigurationPlatforms) = preSolution
		Debug|Any CPU = Debug|Any CPU
		Release|Any CPU = Release|Any CPU
	EndGlobalSection
	GlobalSection(ProjectConfigurationPlatforms) = postSolution
		{D296B4C4-056A-42E8-86E6-D477FCC06359}.Debug|Any CPU.ActiveCfg = Debug|Any CPU
		{D296B4C4-056A-42E8-86E6-D477FCC06359}.Debug|Any CPU.Build.0 = Debug|Any CPU
		{D296B4C4-056A-42E8-86E6-D477FCC06359}.Release|Any CPU.ActiveCfg = Release|Any CPU
		{D296B4C4-056A-42E8-86E6-D477FCC06359}.Release|Any CPU.Build.0 = Release|Any CPU
		{1CFA83C7-CECA-4148-834E-00416A21AC63}.Debug|Any CPU.ActiveCfg = Debug|Any CPU
		{1CFA83C7-CECA-4148-834E-00416A21AC63}.Debug|Any CPU.Build.0 = Debug|Any CPU
		{1CFA83C7-CECA-4148-834E-00416A21AC63}.Release|Any CPU.ActiveCfg = Release|Any CPU
		{1CFA83C7-CECA-4148-834E-00416A21AC63}.Release|Any CPU.Build.0 = Release|Any CPU
		{96F4977E-66A6-4F1C-ABAF-4702FD66807B}.Debug|Any CPU.ActiveCfg = Debug|Any CPU
		{96F4977E-66A6-4F1C-ABAF-4702FD66807B}.Debug|Any CPU.Build.0 = Debug|Any CPU
		{96F4977E-66A6-4F1C-ABAF-4702FD66807B}.Release|Any CPU.ActiveCfg = Release|Any CPU
		{96F4977E-66A6-4F1C-ABAF-4702FD66807B}.Release|Any CPU.Build.0 = Release|Any CPU
		{1700BA33-7613-48A1-BAC7-C3D0A5910D55}.Debug|Any CPU.ActiveCfg = Debug|Any CPU
		{1700BA33-7613-48A1-BAC7-C3D0A5910D55}.Debug|Any CPU.Build.0 = Debug|Any CPU
		{1700BA33-7613-48A1-BAC7-C3D0A5910D55}.Release|Any CPU.ActiveCfg = Release|Any CPU
		{1700BA33-7613-48A1-BAC7-C3D0A5910D55}.Release|Any CPU.Build.0 = Release|Any CPU
		{7D06786C-9B0D-41B6-8E1B-DFFDFAADEF9A}.Debug|Any CPU.ActiveCfg = Debug|Any CPU
		{7D06786C-9B0D-41B6-8E1B-DFFDFAADEF9A}.Debug|Any CPU.Build.0 = Debug|Any CPU
		{7D06786C-9B0D-41B6-8E1B-DFFDFAADEF9A}.Release|Any CPU.ActiveCfg = Release|Any CPU
		{7D06786C-9B0D-41B6-8E1B-DFFDFAADEF9A}.Release|Any CPU.Build.0 = Release|Any CPU
		{71BE00E6-5615-4E06-AF6F-5EE6F53CD46B}.Debug|Any CPU.ActiveCfg = Debug|Any CPU
		{71BE00E6-5615-4E06-AF6F-5EE6F53CD46B}.Debug|Any CPU.Build.0 = Debug|Any CPU
		{71BE00E6-5615-4E06-AF6F-5EE6F53CD46B}.Release|Any CPU.ActiveCfg = Release|Any CPU
		{71BE00E6-5615-4E06-AF6F-5EE6F53CD46B}.Release|Any CPU.Build.0 = Release|Any CPU
		{67FC298B-0EE5-48CA-81EF-1F26AFAA4360}.Debug|Any CPU.ActiveCfg = Debug|Any CPU
		{67FC298B-0EE5-48CA-81EF-1F26AFAA4360}.Debug|Any CPU.Build.0 = Debug|Any CPU
		{67FC298B-0EE5-48CA-81EF-1F26AFAA4360}.Release|Any CPU.ActiveCfg = Release|Any CPU
		{67FC298B-0EE5-48CA-81EF-1F26AFAA4360}.Release|Any CPU.Build.0 = Release|Any CPU
		{397120CA-B5EF-4A49-AA21-15BBAEC09B67}.Debug|Any CPU.ActiveCfg = Debug|Any CPU
		{397120CA-B5EF-4A49-AA21-15BBAEC09B67}.Debug|Any CPU.Build.0 = Debug|Any CPU
		{397120CA-B5EF-4A49-AA21-15BBAEC09B67}.Release|Any CPU.ActiveCfg = Release|Any CPU
		{397120CA-B5EF-4A49-AA21-15BBAEC09B67}.Release|Any CPU.Build.0 = Release|Any CPU
		{F301D670-F774-4F35-AFD1-0D0F7684728E}.Debug|Any CPU.ActiveCfg = Debug|Any CPU
		{F301D670-F774-4F35-AFD1-0D0F7684728E}.Debug|Any CPU.Build.0 = Debug|Any CPU
		{F301D670-F774-4F35-AFD1-0D0F7684728E}.Release|Any CPU.ActiveCfg = Release|Any CPU
		{F301D670-F774-4F35-AFD1-0D0F7684728E}.Release|Any CPU.Build.0 = Release|Any CPU
		{7907DD5E-8FF2-4662-B413-3B400315DC72}.Debug|Any CPU.ActiveCfg = Debug|Any CPU
		{7907DD5E-8FF2-4662-B413-3B400315DC72}.Debug|Any CPU.Build.0 = Debug|Any CPU
		{7907DD5E-8FF2-4662-B413-3B400315DC72}.Release|Any CPU.ActiveCfg = Release|Any CPU
		{7907DD5E-8FF2-4662-B413-3B400315DC72}.Release|Any CPU.Build.0 = Release|Any CPU
		{4E3CBD7F-E270-4E00-A6EC-B05C2C7C1347}.Debug|Any CPU.ActiveCfg = Debug|Any CPU
		{4E3CBD7F-E270-4E00-A6EC-B05C2C7C1347}.Debug|Any CPU.Build.0 = Debug|Any CPU
		{4E3CBD7F-E270-4E00-A6EC-B05C2C7C1347}.Release|Any CPU.ActiveCfg = Release|Any CPU
		{4E3CBD7F-E270-4E00-A6EC-B05C2C7C1347}.Release|Any CPU.Build.0 = Release|Any CPU
		{FF3C4A26-8D09-43FA-A0F0-FCF8EFF31995}.Debug|Any CPU.ActiveCfg = Debug|Any CPU
		{FF3C4A26-8D09-43FA-A0F0-FCF8EFF31995}.Debug|Any CPU.Build.0 = Debug|Any CPU
		{FF3C4A26-8D09-43FA-A0F0-FCF8EFF31995}.Release|Any CPU.ActiveCfg = Release|Any CPU
		{FF3C4A26-8D09-43FA-A0F0-FCF8EFF31995}.Release|Any CPU.Build.0 = Release|Any CPU
		{C9DA7E6F-BE91-417C-BE16-153B3891E713}.Debug|Any CPU.ActiveCfg = Debug|Any CPU
		{C9DA7E6F-BE91-417C-BE16-153B3891E713}.Debug|Any CPU.Build.0 = Debug|Any CPU
		{C9DA7E6F-BE91-417C-BE16-153B3891E713}.Release|Any CPU.ActiveCfg = Release|Any CPU
		{C9DA7E6F-BE91-417C-BE16-153B3891E713}.Release|Any CPU.Build.0 = Release|Any CPU
		{36828CDD-AC81-4DFC-B845-66B86BBF4104}.Debug|Any CPU.ActiveCfg = Debug|Any CPU
		{36828CDD-AC81-4DFC-B845-66B86BBF4104}.Debug|Any CPU.Build.0 = Debug|Any CPU
		{36828CDD-AC81-4DFC-B845-66B86BBF4104}.Release|Any CPU.ActiveCfg = Release|Any CPU
		{36828CDD-AC81-4DFC-B845-66B86BBF4104}.Release|Any CPU.Build.0 = Release|Any CPU
		{6472EEEA-36B1-4FE5-99DD-E069716BD6DD}.Debug|Any CPU.ActiveCfg = Debug|Any CPU
		{6472EEEA-36B1-4FE5-99DD-E069716BD6DD}.Debug|Any CPU.Build.0 = Debug|Any CPU
		{6472EEEA-36B1-4FE5-99DD-E069716BD6DD}.Release|Any CPU.ActiveCfg = Release|Any CPU
		{6472EEEA-36B1-4FE5-99DD-E069716BD6DD}.Release|Any CPU.Build.0 = Release|Any CPU
		{42930606-7B9B-407A-B091-12D4F66AFD1E}.Debug|Any CPU.ActiveCfg = Debug|Any CPU
		{42930606-7B9B-407A-B091-12D4F66AFD1E}.Debug|Any CPU.Build.0 = Debug|Any CPU
		{42930606-7B9B-407A-B091-12D4F66AFD1E}.Release|Any CPU.ActiveCfg = Release|Any CPU
		{42930606-7B9B-407A-B091-12D4F66AFD1E}.Release|Any CPU.Build.0 = Release|Any CPU
		{660B9872-C712-4940-865F-7AA7B629AECD}.Debug|Any CPU.ActiveCfg = Debug|Any CPU
		{660B9872-C712-4940-865F-7AA7B629AECD}.Debug|Any CPU.Build.0 = Debug|Any CPU
		{660B9872-C712-4940-865F-7AA7B629AECD}.Release|Any CPU.ActiveCfg = Release|Any CPU
		{660B9872-C712-4940-865F-7AA7B629AECD}.Release|Any CPU.Build.0 = Release|Any CPU
		{9466D9DD-91AD-45F7-9FDE-CAF5BF9B509B}.Debug|Any CPU.ActiveCfg = Debug|Any CPU
		{9466D9DD-91AD-45F7-9FDE-CAF5BF9B509B}.Debug|Any CPU.Build.0 = Debug|Any CPU
		{9466D9DD-91AD-45F7-9FDE-CAF5BF9B509B}.Release|Any CPU.ActiveCfg = Release|Any CPU
		{9466D9DD-91AD-45F7-9FDE-CAF5BF9B509B}.Release|Any CPU.Build.0 = Release|Any CPU
		{C5E5AA1F-772E-4BD8-B2DE-51E5E866E43E}.Debug|Any CPU.ActiveCfg = Debug|Any CPU
		{C5E5AA1F-772E-4BD8-B2DE-51E5E866E43E}.Debug|Any CPU.Build.0 = Debug|Any CPU
		{C5E5AA1F-772E-4BD8-B2DE-51E5E866E43E}.Release|Any CPU.ActiveCfg = Release|Any CPU
		{C5E5AA1F-772E-4BD8-B2DE-51E5E866E43E}.Release|Any CPU.Build.0 = Release|Any CPU
		{9090A044-F357-453D-A0F6-177C86BCBB4C}.Debug|Any CPU.ActiveCfg = Debug|Any CPU
		{9090A044-F357-453D-A0F6-177C86BCBB4C}.Debug|Any CPU.Build.0 = Debug|Any CPU
		{9090A044-F357-453D-A0F6-177C86BCBB4C}.Release|Any CPU.ActiveCfg = Release|Any CPU
		{9090A044-F357-453D-A0F6-177C86BCBB4C}.Release|Any CPU.Build.0 = Release|Any CPU
		{FB3A9C98-0E3D-4ED7-AD29-0CF35637B89A}.Debug|Any CPU.ActiveCfg = Debug|Any CPU
		{FB3A9C98-0E3D-4ED7-AD29-0CF35637B89A}.Debug|Any CPU.Build.0 = Debug|Any CPU
		{FB3A9C98-0E3D-4ED7-AD29-0CF35637B89A}.Release|Any CPU.ActiveCfg = Release|Any CPU
		{FB3A9C98-0E3D-4ED7-AD29-0CF35637B89A}.Release|Any CPU.Build.0 = Release|Any CPU
		{50E08F3C-D276-4D4B-A341-EA50B5CECA37}.Debug|Any CPU.ActiveCfg = Debug|Any CPU
		{50E08F3C-D276-4D4B-A341-EA50B5CECA37}.Debug|Any CPU.Build.0 = Debug|Any CPU
		{50E08F3C-D276-4D4B-A341-EA50B5CECA37}.Release|Any CPU.ActiveCfg = Release|Any CPU
		{50E08F3C-D276-4D4B-A341-EA50B5CECA37}.Release|Any CPU.Build.0 = Release|Any CPU
		{6787E2AC-0177-4BCF-8526-C877AF7D5E50}.Debug|Any CPU.ActiveCfg = Debug|Any CPU
		{6787E2AC-0177-4BCF-8526-C877AF7D5E50}.Debug|Any CPU.Build.0 = Debug|Any CPU
		{6787E2AC-0177-4BCF-8526-C877AF7D5E50}.Release|Any CPU.ActiveCfg = Release|Any CPU
		{6787E2AC-0177-4BCF-8526-C877AF7D5E50}.Release|Any CPU.Build.0 = Release|Any CPU
		{A418A495-DA37-4162-A175-A9E885A9C8A8}.Debug|Any CPU.ActiveCfg = Debug|Any CPU
		{A418A495-DA37-4162-A175-A9E885A9C8A8}.Debug|Any CPU.Build.0 = Debug|Any CPU
		{A418A495-DA37-4162-A175-A9E885A9C8A8}.Release|Any CPU.ActiveCfg = Release|Any CPU
		{A418A495-DA37-4162-A175-A9E885A9C8A8}.Release|Any CPU.Build.0 = Release|Any CPU
		{33D7DF04-F829-4C07-8008-BF9380C7369A}.Debug|Any CPU.ActiveCfg = Debug|Any CPU
		{33D7DF04-F829-4C07-8008-BF9380C7369A}.Debug|Any CPU.Build.0 = Debug|Any CPU
		{33D7DF04-F829-4C07-8008-BF9380C7369A}.Release|Any CPU.ActiveCfg = Release|Any CPU
		{33D7DF04-F829-4C07-8008-BF9380C7369A}.Release|Any CPU.Build.0 = Release|Any CPU
	EndGlobalSection
	GlobalSection(SolutionProperties) = preSolution
		HideSolutionNode = FALSE
	EndGlobalSection
	GlobalSection(NestedProjects) = preSolution
		{D296B4C4-056A-42E8-86E6-D477FCC06359} = {8D9CF6C9-0159-4851-BCD1-16FF8421E6DF}
		{1CFA83C7-CECA-4148-834E-00416A21AC63} = {42FBB9F5-1AAE-44DE-A40C-841380895763}
		{96F4977E-66A6-4F1C-ABAF-4702FD66807B} = {39F8260B-D131-4CC6-A14A-F09779545C1E}
		{1700BA33-7613-48A1-BAC7-C3D0A5910D55} = {BB8AA6A4-4466-4873-A3B9-3B5462F4BD2D}
		{7D06786C-9B0D-41B6-8E1B-DFFDFAADEF9A} = {2E8CFB00-98A8-4716-9E5A-8465F869000D}
		{71BE00E6-5615-4E06-AF6F-5EE6F53CD46B} = {8E6DA466-10C1-4C7C-B663-A16A3A9C18A1}
		{1ED42AAA-9DD7-4B23-A980-6A54D9105B4C} = {1573E590-B55A-42B5-BADA-E3828643CA4B}
		{60B4373D-1225-4D14-991D-8BFEF859F5E6} = {1573E590-B55A-42B5-BADA-E3828643CA4B}
		{1C1F4ECF-7428-40FF-9A18-A349E9FFCF52} = {1573E590-B55A-42B5-BADA-E3828643CA4B}
		{87F3685D-5888-43F0-9FE5-3F4CE0326C35} = {1573E590-B55A-42B5-BADA-E3828643CA4B}
		{29581EFB-669D-4816-8735-DA936A15685F} = {1573E590-B55A-42B5-BADA-E3828643CA4B}
		{9FE4840D-AB44-461A-8380-EF252883313B} = {1573E590-B55A-42B5-BADA-E3828643CA4B}
		{42FBB9F5-1AAE-44DE-A40C-841380895763} = {1ED42AAA-9DD7-4B23-A980-6A54D9105B4C}
		{39F8260B-D131-4CC6-A14A-F09779545C1E} = {60B4373D-1225-4D14-991D-8BFEF859F5E6}
		{8D9CF6C9-0159-4851-BCD1-16FF8421E6DF} = {1C1F4ECF-7428-40FF-9A18-A349E9FFCF52}
		{8E6DA466-10C1-4C7C-B663-A16A3A9C18A1} = {87F3685D-5888-43F0-9FE5-3F4CE0326C35}
		{BB8AA6A4-4466-4873-A3B9-3B5462F4BD2D} = {29581EFB-669D-4816-8735-DA936A15685F}
		{2E8CFB00-98A8-4716-9E5A-8465F869000D} = {9FE4840D-AB44-461A-8380-EF252883313B}
		{683F70CE-CBE8-4B0E-B3DD-F340122F82B0} = {1573E590-B55A-42B5-BADA-E3828643CA4B}
		{BB936311-DBF4-4956-BD06-393BF34BCEA7} = {683F70CE-CBE8-4B0E-B3DD-F340122F82B0}
		{397120CA-B5EF-4A49-AA21-15BBAEC09B67} = {BB936311-DBF4-4956-BD06-393BF34BCEA7}
		{F301D670-F774-4F35-AFD1-0D0F7684728E} = {683F70CE-CBE8-4B0E-B3DD-F340122F82B0}
		{7907DD5E-8FF2-4662-B413-3B400315DC72} = {683F70CE-CBE8-4B0E-B3DD-F340122F82B0}
		{4E3CBD7F-E270-4E00-A6EC-B05C2C7C1347} = {683F70CE-CBE8-4B0E-B3DD-F340122F82B0}
		{FF3C4A26-8D09-43FA-A0F0-FCF8EFF31995} = {683F70CE-CBE8-4B0E-B3DD-F340122F82B0}
		{90171995-D991-47E2-9F72-F6F7C6BA395A} = {1573E590-B55A-42B5-BADA-E3828643CA4B}
		{C84DFA66-AEC1-4037-AD9B-566234665A4A} = {1573E590-B55A-42B5-BADA-E3828643CA4B}
		{C01040F7-F1C4-4564-9466-1D55B127D3C7} = {1573E590-B55A-42B5-BADA-E3828643CA4B}
		{32A4ADC3-597C-4F0E-A369-525D3D917058} = {1573E590-B55A-42B5-BADA-E3828643CA4B}
		{5FB3E828-2242-4B87-991E-36697033B82C} = {1573E590-B55A-42B5-BADA-E3828643CA4B}
		{CD801DB9-4209-47AB-A948-056E784B18B4} = {90171995-D991-47E2-9F72-F6F7C6BA395A}
		{C4B8C63F-73C2-4ED2-9D98-8728E26AF159} = {C84DFA66-AEC1-4037-AD9B-566234665A4A}
		{54CA85B1-B22D-4AC5-A356-6938408A6603} = {5FB3E828-2242-4B87-991E-36697033B82C}
		{0A26DF8F-20FE-43C7-813B-72BB8D7A765E} = {C01040F7-F1C4-4564-9466-1D55B127D3C7}
		{E46E815E-F6EA-4F53-9CAA-0D473787C0F8} = {32A4ADC3-597C-4F0E-A369-525D3D917058}
		{C9DA7E6F-BE91-417C-BE16-153B3891E713} = {CD801DB9-4209-47AB-A948-056E784B18B4}
		{36828CDD-AC81-4DFC-B845-66B86BBF4104} = {C4B8C63F-73C2-4ED2-9D98-8728E26AF159}
		{6472EEEA-36B1-4FE5-99DD-E069716BD6DD} = {54CA85B1-B22D-4AC5-A356-6938408A6603}
		{42930606-7B9B-407A-B091-12D4F66AFD1E} = {0A26DF8F-20FE-43C7-813B-72BB8D7A765E}
		{660B9872-C712-4940-865F-7AA7B629AECD} = {E46E815E-F6EA-4F53-9CAA-0D473787C0F8}
		{9466D9DD-91AD-45F7-9FDE-CAF5BF9B509B} = {683F70CE-CBE8-4B0E-B3DD-F340122F82B0}
		{FB3A9C98-0E3D-4ED7-AD29-0CF35637B89A} = {683F70CE-CBE8-4B0E-B3DD-F340122F82B0}
		{50E08F3C-D276-4D4B-A341-EA50B5CECA37} = {BB936311-DBF4-4956-BD06-393BF34BCEA7}
		{6787E2AC-0177-4BCF-8526-C877AF7D5E50} = {A6C8E487-7168-4889-A659-4C78ED49B0C9}
		{A418A495-DA37-4162-A175-A9E885A9C8A8} = {A6C8E487-7168-4889-A659-4C78ED49B0C9}
		{33D7DF04-F829-4C07-8008-BF9380C7369A} = {683F70CE-CBE8-4B0E-B3DD-F340122F82B0}
	EndGlobalSection
	GlobalSection(ExtensibilityGlobals) = postSolution
		SolutionGuid = {27DBCE8D-BC67-45EE-A426-7B8CDD3BB5F8}
	EndGlobalSection
EndGlobal
