
Microsoft Visual Studio Solution File, Format Version 12.00
# Visual Studio Version 17
VisualStudioVersion = 17.0.31903.59
MinimumVisualStudioVersion = 10.0.40219.1
Project("{9A19103F-16F7-4668-BE54-9A1E7A4F7556}") = "GestioneSagre.Web", "src\GestioneSagre.Web\GestioneSagre.Web.csproj", "{E6DA438E-6B77-486F-B915-F9B832A26FCB}"
EndProject
Project("{9A19103F-16F7-4668-BE54-9A1E7A4F7556}") = "GestioneSagre.Web.App", "src\GestioneSagre.Web.App\GestioneSagre.Web.App.csproj", "{E9F6A68E-0A08-4E73-8BCF-52EA81EFE4F2}"
EndProject
Project("{9A19103F-16F7-4668-BE54-9A1E7A4F7556}") = "GestioneSagre.Authentication.Web.Api.Public", "src\GestioneSagre.Authentication.Web.Api.Public\GestioneSagre.Authentication.Web.Api.Public.csproj", "{D296B4C4-056A-42E8-86E6-D477FCC06359}"
EndProject
Project("{9A19103F-16F7-4668-BE54-9A1E7A4F7556}") = "GestioneSagre.Categories.Web.Api.Public", "src\GestioneSagre.Categories.Web.Api.Public\GestioneSagre.Categories.Web.Api.Public.csproj", "{1CFA83C7-CECA-4148-834E-00416A21AC63}"
EndProject
Project("{9A19103F-16F7-4668-BE54-9A1E7A4F7556}") = "GestioneSagre.Parties.Web.Api.Public", "src\GestioneSagre.Parties.Web.Api.Public\GestioneSagre.Parties.Web.Api.Public.csproj", "{ADB41F16-DC73-4944-B895-B25003ED0C91}"
EndProject
Project("{9A19103F-16F7-4668-BE54-9A1E7A4F7556}") = "GestioneSagre.Products.Web.Api.Public", "src\GestioneSagre.Products.Web.Api.Public\GestioneSagre.Products.Web.Api.Public.csproj", "{96F4977E-66A6-4F1C-ABAF-4702FD66807B}"
EndProject
Project("{9A19103F-16F7-4668-BE54-9A1E7A4F7556}") = "GestioneSagre.Receipts.Web.Api.Public", "src\GestioneSagre.Receipts.Web.Api.Public\GestioneSagre.Receipts.Web.Api.Public.csproj", "{1700BA33-7613-48A1-BAC7-C3D0A5910D55}"
EndProject
Project("{9A19103F-16F7-4668-BE54-9A1E7A4F7556}") = "GestioneSagre.Reservations.Web.Api.Public", "src\GestioneSagre.Reservations.Web.Api.Public\GestioneSagre.Reservations.Web.Api.Public.csproj", "{7D06786C-9B0D-41B6-8E1B-DFFDFAADEF9A}"
EndProject
Project("{9A19103F-16F7-4668-BE54-9A1E7A4F7556}") = "GestioneSagre.Settings.Web.Api.Public", "src\GestioneSagre.Settings.Web.Api.Public\GestioneSagre.Settings.Web.Api.Public.csproj", "{2712FE93-6AF0-492F-9CCF-8FC38F394576}"
EndProject
Project("{9A19103F-16F7-4668-BE54-9A1E7A4F7556}") = "GestioneSagre.Versions.Web.Api.Public", "src\GestioneSagre.Versions.Web.Api.Public\GestioneSagre.Versions.Web.Api.Public.csproj", "{71BE00E6-5615-4E06-AF6F-5EE6F53CD46B}"
EndProject
Global
	GlobalSection(SolutionConfigurationPlatforms) = preSolution
		Debug|Any CPU = Debug|Any CPU
		Release|Any CPU = Release|Any CPU
	EndGlobalSection
	GlobalSection(ProjectConfigurationPlatforms) = postSolution
		{E6DA438E-6B77-486F-B915-F9B832A26FCB}.Debug|Any CPU.ActiveCfg = Debug|Any CPU
		{E6DA438E-6B77-486F-B915-F9B832A26FCB}.Debug|Any CPU.Build.0 = Debug|Any CPU
		{E6DA438E-6B77-486F-B915-F9B832A26FCB}.Release|Any CPU.ActiveCfg = Release|Any CPU
		{E6DA438E-6B77-486F-B915-F9B832A26FCB}.Release|Any CPU.Build.0 = Release|Any CPU
		{E9F6A68E-0A08-4E73-8BCF-52EA81EFE4F2}.Debug|Any CPU.ActiveCfg = Debug|Any CPU
		{E9F6A68E-0A08-4E73-8BCF-52EA81EFE4F2}.Debug|Any CPU.Build.0 = Debug|Any CPU
		{E9F6A68E-0A08-4E73-8BCF-52EA81EFE4F2}.Release|Any CPU.ActiveCfg = Release|Any CPU
		{E9F6A68E-0A08-4E73-8BCF-52EA81EFE4F2}.Release|Any CPU.Build.0 = Release|Any CPU
		{D296B4C4-056A-42E8-86E6-D477FCC06359}.Debug|Any CPU.ActiveCfg = Debug|Any CPU
		{D296B4C4-056A-42E8-86E6-D477FCC06359}.Debug|Any CPU.Build.0 = Debug|Any CPU
		{D296B4C4-056A-42E8-86E6-D477FCC06359}.Release|Any CPU.ActiveCfg = Release|Any CPU
		{D296B4C4-056A-42E8-86E6-D477FCC06359}.Release|Any CPU.Build.0 = Release|Any CPU
		{1CFA83C7-CECA-4148-834E-00416A21AC63}.Debug|Any CPU.ActiveCfg = Debug|Any CPU
		{1CFA83C7-CECA-4148-834E-00416A21AC63}.Debug|Any CPU.Build.0 = Debug|Any CPU
		{1CFA83C7-CECA-4148-834E-00416A21AC63}.Release|Any CPU.ActiveCfg = Release|Any CPU
		{1CFA83C7-CECA-4148-834E-00416A21AC63}.Release|Any CPU.Build.0 = Release|Any CPU
		{ADB41F16-DC73-4944-B895-B25003ED0C91}.Debug|Any CPU.ActiveCfg = Debug|Any CPU
		{ADB41F16-DC73-4944-B895-B25003ED0C91}.Debug|Any CPU.Build.0 = Debug|Any CPU
		{ADB41F16-DC73-4944-B895-B25003ED0C91}.Release|Any CPU.ActiveCfg = Release|Any CPU
		{ADB41F16-DC73-4944-B895-B25003ED0C91}.Release|Any CPU.Build.0 = Release|Any CPU
		{96F4977E-66A6-4F1C-ABAF-4702FD66807B}.Debug|Any CPU.ActiveCfg = Debug|Any CPU
		{96F4977E-66A6-4F1C-ABAF-4702FD66807B}.Debug|Any CPU.Build.0 = Debug|Any CPU
		{96F4977E-66A6-4F1C-ABAF-4702FD66807B}.Release|Any CPU.ActiveCfg = Release|Any CPU
		{96F4977E-66A6-4F1C-ABAF-4702FD66807B}.Release|Any CPU.Build.0 = Release|Any CPU
		{1700BA33-7613-48A1-BAC7-C3D0A5910D55}.Debug|Any CPU.ActiveCfg = Debug|Any CPU
		{1700BA33-7613-48A1-BAC7-C3D0A5910D55}.Debug|Any CPU.Build.0 = Debug|Any CPU
		{1700BA33-7613-48A1-BAC7-C3D0A5910D55}.Release|Any CPU.ActiveCfg = Release|Any CPU
		{1700BA33-7613-48A1-BAC7-C3D0A5910D55}.Release|Any CPU.Build.0 = Release|Any CPU
		{7D06786C-9B0D-41B6-8E1B-DFFDFAADEF9A}.Debug|Any CPU.ActiveCfg = Debug|Any CPU
		{7D06786C-9B0D-41B6-8E1B-DFFDFAADEF9A}.Debug|Any CPU.Build.0 = Debug|Any CPU
		{7D06786C-9B0D-41B6-8E1B-DFFDFAADEF9A}.Release|Any CPU.ActiveCfg = Release|Any CPU
		{7D06786C-9B0D-41B6-8E1B-DFFDFAADEF9A}.Release|Any CPU.Build.0 = Release|Any CPU
		{2712FE93-6AF0-492F-9CCF-8FC38F394576}.Debug|Any CPU.ActiveCfg = Debug|Any CPU
		{2712FE93-6AF0-492F-9CCF-8FC38F394576}.Debug|Any CPU.Build.0 = Debug|Any CPU
		{2712FE93-6AF0-492F-9CCF-8FC38F394576}.Release|Any CPU.ActiveCfg = Release|Any CPU
		{2712FE93-6AF0-492F-9CCF-8FC38F394576}.Release|Any CPU.Build.0 = Release|Any CPU
		{71BE00E6-5615-4E06-AF6F-5EE6F53CD46B}.Debug|Any CPU.ActiveCfg = Debug|Any CPU
		{71BE00E6-5615-4E06-AF6F-5EE6F53CD46B}.Debug|Any CPU.Build.0 = Debug|Any CPU
		{71BE00E6-5615-4E06-AF6F-5EE6F53CD46B}.Release|Any CPU.ActiveCfg = Release|Any CPU
		{71BE00E6-5615-4E06-AF6F-5EE6F53CD46B}.Release|Any CPU.Build.0 = Release|Any CPU
	EndGlobalSection
	GlobalSection(SolutionProperties) = preSolution
		HideSolutionNode = FALSE
	EndGlobalSection
	GlobalSection(ExtensibilityGlobals) = postSolution
		SolutionGuid = {27DBCE8D-BC67-45EE-A426-7B8CDD3BB5F8}
	EndGlobalSection
EndGlobal
