
Microsoft Visual Studio Solution File, Format Version 12.00
# Visual Studio Version 17
VisualStudioVersion = 17.0.31903.59
MinimumVisualStudioVersion = 10.0.40219.1
Project("{9A19103F-16F7-4668-BE54-9A1E7A4F7556}") = "GestioneSagre.Authentication.Web.Api.Public", "src\GestioneSagre.Authentication.Web.Api.Public\GestioneSagre.Authentication.Web.Api.Public.csproj", "{D296B4C4-056A-42E8-86E6-D477FCC06359}"
EndProject
Project("{9A19103F-16F7-4668-BE54-9A1E7A4F7556}") = "GestioneSagre.Categories.Web.Api.Public", "src\GestioneSagre.Categories.Web.Api.Public\GestioneSagre.Categories.Web.Api.Public.csproj", "{1CFA83C7-CECA-4148-834E-00416A21AC63}"
EndProject
Project("{9A19103F-16F7-4668-BE54-9A1E7A4F7556}") = "GestioneSagre.Parties.Web.Api.Public", "src\GestioneSagre.Parties.Web.Api.Public\GestioneSagre.Parties.Web.Api.Public.csproj", "{ADB41F16-DC73-4944-B895-B25003ED0C91}"
EndProject
Project("{9A19103F-16F7-4668-BE54-9A1E7A4F7556}") = "GestioneSagre.Products.Web.Api.Public", "src\GestioneSagre.Products.Web.Api.Public\GestioneSagre.Products.Web.Api.Public.csproj", "{96F4977E-66A6-4F1C-ABAF-4702FD66807B}"
EndProject
Project("{9A19103F-16F7-4668-BE54-9A1E7A4F7556}") = "GestioneSagre.Receipts.Web.Api.Public", "src\GestioneSagre.Receipts.Web.Api.Public\GestioneSagre.Receipts.Web.Api.Public.csproj", "{1700BA33-7613-48A1-BAC7-C3D0A5910D55}"
EndProject
Project("{9A19103F-16F7-4668-BE54-9A1E7A4F7556}") = "GestioneSagre.Reservations.Web.Api.Public", "src\GestioneSagre.Reservations.Web.Api.Public\GestioneSagre.Reservations.Web.Api.Public.csproj", "{7D06786C-9B0D-41B6-8E1B-DFFDFAADEF9A}"
EndProject
Project("{9A19103F-16F7-4668-BE54-9A1E7A4F7556}") = "GestioneSagre.Versions.Web.Api.Public", "src\GestioneSagre.Versions.Web.Api.Public\GestioneSagre.Versions.Web.Api.Public.csproj", "{71BE00E6-5615-4E06-AF6F-5EE6F53CD46B}"
EndProject
Project("{9A19103F-16F7-4668-BE54-9A1E7A4F7556}") = "GestioneSagre.Web.App", "src\GestioneSagre.Web.App\GestioneSagre.Web.App.csproj", "{67FC298B-0EE5-48CA-81EF-1F26AFAA4360}"
EndProject
Project("{9A19103F-16F7-4668-BE54-9A1E7A4F7556}") = "GestioneSagre.Web", "src\GestioneSagre.Web\GestioneSagre.Web.csproj", "{D27C147A-0CC4-40A0-BA8B-E5AC97701058}"
EndProject
Project("{2150E333-8FDC-42A3-9474-1A3956D46DE8}") = "Bounded Contexts", "Bounded Contexts", "{1573E590-B55A-42B5-BADA-E3828643CA4B}"
EndProject
Project("{2150E333-8FDC-42A3-9474-1A3956D46DE8}") = "Categorie", "Categorie", "{1ED42AAA-9DD7-4B23-A980-6A54D9105B4C}"
EndProject
Project("{2150E333-8FDC-42A3-9474-1A3956D46DE8}") = "Prodotti", "Prodotti", "{60B4373D-1225-4D14-991D-8BFEF859F5E6}"
EndProject
Project("{2150E333-8FDC-42A3-9474-1A3956D46DE8}") = "Sicurezza", "Sicurezza", "{1C1F4ECF-7428-40FF-9A18-A349E9FFCF52}"
EndProject
Project("{2150E333-8FDC-42A3-9474-1A3956D46DE8}") = "Feste", "Feste", "{5DA626DC-3F17-4AE9-BE24-5979E551DC09}"
EndProject
Project("{2150E333-8FDC-42A3-9474-1A3956D46DE8}") = "Versioni", "Versioni", "{87F3685D-5888-43F0-9FE5-3F4CE0326C35}"
EndProject
Project("{2150E333-8FDC-42A3-9474-1A3956D46DE8}") = "Scontrini", "Scontrini", "{29581EFB-669D-4816-8735-DA936A15685F}"
EndProject
Project("{2150E333-8FDC-42A3-9474-1A3956D46DE8}") = "Prenotazioni", "Prenotazioni", "{9FE4840D-AB44-461A-8380-EF252883313B}"
EndProject
Project("{2150E333-8FDC-42A3-9474-1A3956D46DE8}") = "API", "API", "{42FBB9F5-1AAE-44DE-A40C-841380895763}"
EndProject
Project("{2150E333-8FDC-42A3-9474-1A3956D46DE8}") = "API", "API", "{39F8260B-D131-4CC6-A14A-F09779545C1E}"
EndProject
Project("{2150E333-8FDC-42A3-9474-1A3956D46DE8}") = "API", "API", "{8D9CF6C9-0159-4851-BCD1-16FF8421E6DF}"
EndProject
Project("{2150E333-8FDC-42A3-9474-1A3956D46DE8}") = "API", "API", "{CA720616-3715-426B-983E-3212253AA584}"
EndProject
Project("{2150E333-8FDC-42A3-9474-1A3956D46DE8}") = "API", "API", "{8E6DA466-10C1-4C7C-B663-A16A3A9C18A1}"
EndProject
Project("{2150E333-8FDC-42A3-9474-1A3956D46DE8}") = "API", "API", "{BB8AA6A4-4466-4873-A3B9-3B5462F4BD2D}"
EndProject
Project("{2150E333-8FDC-42A3-9474-1A3956D46DE8}") = "API", "API", "{2E8CFB00-98A8-4716-9E5A-8465F869000D}"
EndProject
Project("{2150E333-8FDC-42A3-9474-1A3956D46DE8}") = "Utility", "Utility", "{683F70CE-CBE8-4B0E-B3DD-F340122F82B0}"
EndProject
Project("{2150E333-8FDC-42A3-9474-1A3956D46DE8}") = "API", "API", "{BB936311-DBF4-4956-BD06-393BF34BCEA7}"
EndProject
Project("{9A19103F-16F7-4668-BE54-9A1E7A4F7556}") = "GestioneSagre.Utility.Web.Api.Public", "src\GestioneSagre.Utility.Web.Api.Public\GestioneSagre.Utility.Web.Api.Public.csproj", "{397120CA-B5EF-4A49-AA21-15BBAEC09B67}"
EndProject
Global
	GlobalSection(SolutionConfigurationPlatforms) = preSolution
		Debug|Any CPU = Debug|Any CPU
		Release|Any CPU = Release|Any CPU
	EndGlobalSection
	GlobalSection(ProjectConfigurationPlatforms) = postSolution
		{D296B4C4-056A-42E8-86E6-D477FCC06359}.Debug|Any CPU.ActiveCfg = Debug|Any CPU
		{D296B4C4-056A-42E8-86E6-D477FCC06359}.Debug|Any CPU.Build.0 = Debug|Any CPU
		{D296B4C4-056A-42E8-86E6-D477FCC06359}.Release|Any CPU.ActiveCfg = Release|Any CPU
		{D296B4C4-056A-42E8-86E6-D477FCC06359}.Release|Any CPU.Build.0 = Release|Any CPU
		{1CFA83C7-CECA-4148-834E-00416A21AC63}.Debug|Any CPU.ActiveCfg = Debug|Any CPU
		{1CFA83C7-CECA-4148-834E-00416A21AC63}.Debug|Any CPU.Build.0 = Debug|Any CPU
		{1CFA83C7-CECA-4148-834E-00416A21AC63}.Release|Any CPU.ActiveCfg = Release|Any CPU
		{1CFA83C7-CECA-4148-834E-00416A21AC63}.Release|Any CPU.Build.0 = Release|Any CPU
		{ADB41F16-DC73-4944-B895-B25003ED0C91}.Debug|Any CPU.ActiveCfg = Debug|Any CPU
		{ADB41F16-DC73-4944-B895-B25003ED0C91}.Debug|Any CPU.Build.0 = Debug|Any CPU
		{ADB41F16-DC73-4944-B895-B25003ED0C91}.Release|Any CPU.ActiveCfg = Release|Any CPU
		{ADB41F16-DC73-4944-B895-B25003ED0C91}.Release|Any CPU.Build.0 = Release|Any CPU
		{96F4977E-66A6-4F1C-ABAF-4702FD66807B}.Debug|Any CPU.ActiveCfg = Debug|Any CPU
		{96F4977E-66A6-4F1C-ABAF-4702FD66807B}.Debug|Any CPU.Build.0 = Debug|Any CPU
		{96F4977E-66A6-4F1C-ABAF-4702FD66807B}.Release|Any CPU.ActiveCfg = Release|Any CPU
		{96F4977E-66A6-4F1C-ABAF-4702FD66807B}.Release|Any CPU.Build.0 = Release|Any CPU
		{1700BA33-7613-48A1-BAC7-C3D0A5910D55}.Debug|Any CPU.ActiveCfg = Debug|Any CPU
		{1700BA33-7613-48A1-BAC7-C3D0A5910D55}.Debug|Any CPU.Build.0 = Debug|Any CPU
		{1700BA33-7613-48A1-BAC7-C3D0A5910D55}.Release|Any CPU.ActiveCfg = Release|Any CPU
		{1700BA33-7613-48A1-BAC7-C3D0A5910D55}.Release|Any CPU.Build.0 = Release|Any CPU
		{7D06786C-9B0D-41B6-8E1B-DFFDFAADEF9A}.Debug|Any CPU.ActiveCfg = Debug|Any CPU
		{7D06786C-9B0D-41B6-8E1B-DFFDFAADEF9A}.Debug|Any CPU.Build.0 = Debug|Any CPU
		{7D06786C-9B0D-41B6-8E1B-DFFDFAADEF9A}.Release|Any CPU.ActiveCfg = Release|Any CPU
		{7D06786C-9B0D-41B6-8E1B-DFFDFAADEF9A}.Release|Any CPU.Build.0 = Release|Any CPU
		{71BE00E6-5615-4E06-AF6F-5EE6F53CD46B}.Debug|Any CPU.ActiveCfg = Debug|Any CPU
		{71BE00E6-5615-4E06-AF6F-5EE6F53CD46B}.Debug|Any CPU.Build.0 = Debug|Any CPU
		{71BE00E6-5615-4E06-AF6F-5EE6F53CD46B}.Release|Any CPU.ActiveCfg = Release|Any CPU
		{71BE00E6-5615-4E06-AF6F-5EE6F53CD46B}.Release|Any CPU.Build.0 = Release|Any CPU
		{67FC298B-0EE5-48CA-81EF-1F26AFAA4360}.Debug|Any CPU.ActiveCfg = Debug|Any CPU
		{67FC298B-0EE5-48CA-81EF-1F26AFAA4360}.Debug|Any CPU.Build.0 = Debug|Any CPU
		{67FC298B-0EE5-48CA-81EF-1F26AFAA4360}.Release|Any CPU.ActiveCfg = Release|Any CPU
		{67FC298B-0EE5-48CA-81EF-1F26AFAA4360}.Release|Any CPU.Build.0 = Release|Any CPU
		{D27C147A-0CC4-40A0-BA8B-E5AC97701058}.Debug|Any CPU.ActiveCfg = Debug|Any CPU
		{D27C147A-0CC4-40A0-BA8B-E5AC97701058}.Debug|Any CPU.Build.0 = Debug|Any CPU
		{D27C147A-0CC4-40A0-BA8B-E5AC97701058}.Release|Any CPU.ActiveCfg = Release|Any CPU
		{D27C147A-0CC4-40A0-BA8B-E5AC97701058}.Release|Any CPU.Build.0 = Release|Any CPU
		{397120CA-B5EF-4A49-AA21-15BBAEC09B67}.Debug|Any CPU.ActiveCfg = Debug|Any CPU
		{397120CA-B5EF-4A49-AA21-15BBAEC09B67}.Debug|Any CPU.Build.0 = Debug|Any CPU
		{397120CA-B5EF-4A49-AA21-15BBAEC09B67}.Release|Any CPU.ActiveCfg = Release|Any CPU
		{397120CA-B5EF-4A49-AA21-15BBAEC09B67}.Release|Any CPU.Build.0 = Release|Any CPU
	EndGlobalSection
	GlobalSection(SolutionProperties) = preSolution
		HideSolutionNode = FALSE
	EndGlobalSection
	GlobalSection(NestedProjects) = preSolution
		{D296B4C4-056A-42E8-86E6-D477FCC06359} = {8D9CF6C9-0159-4851-BCD1-16FF8421E6DF}
		{1CFA83C7-CECA-4148-834E-00416A21AC63} = {42FBB9F5-1AAE-44DE-A40C-841380895763}
		{ADB41F16-DC73-4944-B895-B25003ED0C91} = {CA720616-3715-426B-983E-3212253AA584}
		{96F4977E-66A6-4F1C-ABAF-4702FD66807B} = {39F8260B-D131-4CC6-A14A-F09779545C1E}
		{1700BA33-7613-48A1-BAC7-C3D0A5910D55} = {BB8AA6A4-4466-4873-A3B9-3B5462F4BD2D}
		{7D06786C-9B0D-41B6-8E1B-DFFDFAADEF9A} = {2E8CFB00-98A8-4716-9E5A-8465F869000D}
		{71BE00E6-5615-4E06-AF6F-5EE6F53CD46B} = {8E6DA466-10C1-4C7C-B663-A16A3A9C18A1}
		{1ED42AAA-9DD7-4B23-A980-6A54D9105B4C} = {1573E590-B55A-42B5-BADA-E3828643CA4B}
		{60B4373D-1225-4D14-991D-8BFEF859F5E6} = {1573E590-B55A-42B5-BADA-E3828643CA4B}
		{1C1F4ECF-7428-40FF-9A18-A349E9FFCF52} = {1573E590-B55A-42B5-BADA-E3828643CA4B}
		{5DA626DC-3F17-4AE9-BE24-5979E551DC09} = {1573E590-B55A-42B5-BADA-E3828643CA4B}
		{87F3685D-5888-43F0-9FE5-3F4CE0326C35} = {1573E590-B55A-42B5-BADA-E3828643CA4B}
		{29581EFB-669D-4816-8735-DA936A15685F} = {1573E590-B55A-42B5-BADA-E3828643CA4B}
		{9FE4840D-AB44-461A-8380-EF252883313B} = {1573E590-B55A-42B5-BADA-E3828643CA4B}
		{42FBB9F5-1AAE-44DE-A40C-841380895763} = {1ED42AAA-9DD7-4B23-A980-6A54D9105B4C}
		{39F8260B-D131-4CC6-A14A-F09779545C1E} = {60B4373D-1225-4D14-991D-8BFEF859F5E6}
		{8D9CF6C9-0159-4851-BCD1-16FF8421E6DF} = {1C1F4ECF-7428-40FF-9A18-A349E9FFCF52}
		{CA720616-3715-426B-983E-3212253AA584} = {5DA626DC-3F17-4AE9-BE24-5979E551DC09}
		{8E6DA466-10C1-4C7C-B663-A16A3A9C18A1} = {87F3685D-5888-43F0-9FE5-3F4CE0326C35}
		{BB8AA6A4-4466-4873-A3B9-3B5462F4BD2D} = {29581EFB-669D-4816-8735-DA936A15685F}
		{2E8CFB00-98A8-4716-9E5A-8465F869000D} = {9FE4840D-AB44-461A-8380-EF252883313B}
		{683F70CE-CBE8-4B0E-B3DD-F340122F82B0} = {1573E590-B55A-42B5-BADA-E3828643CA4B}
		{BB936311-DBF4-4956-BD06-393BF34BCEA7} = {683F70CE-CBE8-4B0E-B3DD-F340122F82B0}
		{397120CA-B5EF-4A49-AA21-15BBAEC09B67} = {BB936311-DBF4-4956-BD06-393BF34BCEA7}
	EndGlobalSection
	GlobalSection(ExtensibilityGlobals) = postSolution
		SolutionGuid = {27DBCE8D-BC67-45EE-A426-7B8CDD3BB5F8}
	EndGlobalSection
EndGlobal
